
Microsoft Visual Studio Solution File, Format Version 12.00
# Visual Studio Version 16
VisualStudioVersion = 16.0.30804.86
MinimumVisualStudioVersion = 10.0.40219.1
Project("{FAE04EC0-301F-11D3-BF4B-00C04F79EFBC}") = "modelkullanimi", "modelkullanimi.csproj", "{D40AC4BC-29C1-4620-B35A-052C3EEC8B25}"
EndProject
Global
	GlobalSection(SolutionConfigurationPlatforms) = preSolution
		Debug|Any CPU = Debug|Any CPU
		Release|Any CPU = Release|Any CPU
	EndGlobalSection
	GlobalSection(ProjectConfigurationPlatforms) = postSolution
		{D40AC4BC-29C1-4620-B35A-052C3EEC8B25}.Debug|Any CPU.ActiveCfg = Debug|Any CPU
		{D40AC4BC-29C1-4620-B35A-052C3EEC8B25}.Debug|Any CPU.Build.0 = Debug|Any CPU
		{D40AC4BC-29C1-4620-B35A-052C3EEC8B25}.Release|Any CPU.ActiveCfg = Release|Any CPU
		{D40AC4BC-29C1-4620-B35A-052C3EEC8B25}.Release|Any CPU.Build.0 = Release|Any CPU
	EndGlobalSection
	GlobalSection(SolutionProperties) = preSolution
		HideSolutionNode = FALSE
	EndGlobalSection
	GlobalSection(ExtensibilityGlobals) = postSolution
		SolutionGuid = {0E0E0771-0AB7-45F9-BF3C-EC617D4B16E2}
	EndGlobalSection
EndGlobal
